
Microsoft Visual Studio Solution File, Format Version 12.00
# Visual Studio 2013
VisualStudioVersion = 12.0.21005.1
MinimumVisualStudioVersion = 10.0.40219.1
Project("{FAE04EC0-301F-11D3-BF4B-00C04F79EFBC}") = "Task1.Test", "Task1.Test\Task1.Test.csproj", "{62ACA3E7-3EA9-483D-8E1F-5A941F583D13}"
EndProject
Project("{FAE04EC0-301F-11D3-BF4B-00C04F79EFBC}") = "Task1.Library", "..\ASP.NET.Popok.Day1\Task1.Library\Task1.Library.csproj", "{6C4A157F-0C71-430E-AA9B-494BF8A24298}"
EndProject
Project("{FAE04EC0-301F-11D3-BF4B-00C04F79EFBC}") = "Task2.Library", "Task2.Library\Task2.Library.csproj", "{26B52A77-613D-4D2C-93FA-19EB460FAE1D}"
EndProject
Project("{FAE04EC0-301F-11D3-BF4B-00C04F79EFBC}") = "Task2.Test", "Task2.Test\Task2.Test.csproj", "{9EB2CC27-AFE4-4F6B-9F9A-1711297F9CC8}"
EndProject
Project("{FAE04EC0-301F-11D3-BF4B-00C04F79EFBC}") = "Task3.Library", "Task3.Library\Task3.Library.csproj", "{3947BB1C-1980-44ED-A55A-C7E2836443BF}"
EndProject
Global
	GlobalSection(SolutionConfigurationPlatforms) = preSolution
		Debug|Any CPU = Debug|Any CPU
		Release|Any CPU = Release|Any CPU
	EndGlobalSection
	GlobalSection(ProjectConfigurationPlatforms) = postSolution
		{62ACA3E7-3EA9-483D-8E1F-5A941F583D13}.Debug|Any CPU.ActiveCfg = Debug|Any CPU
		{62ACA3E7-3EA9-483D-8E1F-5A941F583D13}.Debug|Any CPU.Build.0 = Debug|Any CPU
		{62ACA3E7-3EA9-483D-8E1F-5A941F583D13}.Release|Any CPU.ActiveCfg = Release|Any CPU
		{62ACA3E7-3EA9-483D-8E1F-5A941F583D13}.Release|Any CPU.Build.0 = Release|Any CPU
		{6C4A157F-0C71-430E-AA9B-494BF8A24298}.Debug|Any CPU.ActiveCfg = Debug|Any CPU
		{6C4A157F-0C71-430E-AA9B-494BF8A24298}.Debug|Any CPU.Build.0 = Debug|Any CPU
		{6C4A157F-0C71-430E-AA9B-494BF8A24298}.Release|Any CPU.ActiveCfg = Release|Any CPU
		{6C4A157F-0C71-430E-AA9B-494BF8A24298}.Release|Any CPU.Build.0 = Release|Any CPU
		{26B52A77-613D-4D2C-93FA-19EB460FAE1D}.Debug|Any CPU.ActiveCfg = Debug|Any CPU
		{26B52A77-613D-4D2C-93FA-19EB460FAE1D}.Debug|Any CPU.Build.0 = Debug|Any CPU
		{26B52A77-613D-4D2C-93FA-19EB460FAE1D}.Release|Any CPU.ActiveCfg = Release|Any CPU
		{26B52A77-613D-4D2C-93FA-19EB460FAE1D}.Release|Any CPU.Build.0 = Release|Any CPU
		{9EB2CC27-AFE4-4F6B-9F9A-1711297F9CC8}.Debug|Any CPU.ActiveCfg = Debug|Any CPU
		{9EB2CC27-AFE4-4F6B-9F9A-1711297F9CC8}.Debug|Any CPU.Build.0 = Debug|Any CPU
		{9EB2CC27-AFE4-4F6B-9F9A-1711297F9CC8}.Release|Any CPU.ActiveCfg = Release|Any CPU
		{9EB2CC27-AFE4-4F6B-9F9A-1711297F9CC8}.Release|Any CPU.Build.0 = Release|Any CPU
		{3947BB1C-1980-44ED-A55A-C7E2836443BF}.Debug|Any CPU.ActiveCfg = Debug|Any CPU
		{3947BB1C-1980-44ED-A55A-C7E2836443BF}.Debug|Any CPU.Build.0 = Debug|Any CPU
		{3947BB1C-1980-44ED-A55A-C7E2836443BF}.Release|Any CPU.ActiveCfg = Release|Any CPU
		{3947BB1C-1980-44ED-A55A-C7E2836443BF}.Release|Any CPU.Build.0 = Release|Any CPU
	EndGlobalSection
	GlobalSection(SolutionProperties) = preSolution
		HideSolutionNode = FALSE
	EndGlobalSection
EndGlobal
